
Microsoft Visual Studio Solution File, Format Version 12.00
# Visual Studio 14
VisualStudioVersion = 14.0.25420.1
MinimumVisualStudioVersion = 10.0.40219.1
Project("{FAE04EC0-301F-11D3-BF4B-00C04F79EFBC}") = "SiparisTakip.Dal", "SiparisTakip.Dal\SiparisTakip.Dal.csproj", "{8975F0A0-66E7-4737-8C57-743490A7F3EB}"
EndProject
Project("{FAE04EC0-301F-11D3-BF4B-00C04F79EFBC}") = "SiparisTakip.BLL", "SiparisTakip.BLL\SiparisTakip.BLL.csproj", "{3A5B20C4-1882-430C-8652-3AD1CA3AD452}"
EndProject
Project("{FAE04EC0-301F-11D3-BF4B-00C04F79EFBC}") = "SiparisTakip.Interfaces", "SiparisTakip.Interfaces\SiparisTakip.Interfaces.csproj", "{00CC022E-C4BA-4537-B6A0-AA1A94813A11}"
EndProject
Project("{FAE04EC0-301F-11D3-BF4B-00C04F79EFBC}") = "SiparisTakip.Entity", "SiparisTakip.Entity\SiparisTakip.Entity.csproj", "{2FBE0ED4-410D-46F3-8B06-6A1C3A274763}"
EndProject
Project("{FAE04EC0-301F-11D3-BF4B-00C04F79EFBC}") = "SiparisTakip.WinFormUI", "SiparisTakip.WinFormUI\SiparisTakip.WinFormUI.csproj", "{7251CC5D-CC41-4D4E-9A07-C370DDB8BA03}"
EndProject
Global
	GlobalSection(SolutionConfigurationPlatforms) = preSolution
		Debug|Any CPU = Debug|Any CPU
		Release|Any CPU = Release|Any CPU
	EndGlobalSection
	GlobalSection(ProjectConfigurationPlatforms) = postSolution
		{8975F0A0-66E7-4737-8C57-743490A7F3EB}.Debug|Any CPU.ActiveCfg = Debug|Any CPU
		{8975F0A0-66E7-4737-8C57-743490A7F3EB}.Debug|Any CPU.Build.0 = Debug|Any CPU
		{8975F0A0-66E7-4737-8C57-743490A7F3EB}.Release|Any CPU.ActiveCfg = Release|Any CPU
		{8975F0A0-66E7-4737-8C57-743490A7F3EB}.Release|Any CPU.Build.0 = Release|Any CPU
		{3A5B20C4-1882-430C-8652-3AD1CA3AD452}.Debug|Any CPU.ActiveCfg = Debug|Any CPU
		{3A5B20C4-1882-430C-8652-3AD1CA3AD452}.Debug|Any CPU.Build.0 = Debug|Any CPU
		{3A5B20C4-1882-430C-8652-3AD1CA3AD452}.Release|Any CPU.ActiveCfg = Release|Any CPU
		{3A5B20C4-1882-430C-8652-3AD1CA3AD452}.Release|Any CPU.Build.0 = Release|Any CPU
		{00CC022E-C4BA-4537-B6A0-AA1A94813A11}.Debug|Any CPU.ActiveCfg = Debug|Any CPU
		{00CC022E-C4BA-4537-B6A0-AA1A94813A11}.Debug|Any CPU.Build.0 = Debug|Any CPU
		{00CC022E-C4BA-4537-B6A0-AA1A94813A11}.Release|Any CPU.ActiveCfg = Release|Any CPU
		{00CC022E-C4BA-4537-B6A0-AA1A94813A11}.Release|Any CPU.Build.0 = Release|Any CPU
		{2FBE0ED4-410D-46F3-8B06-6A1C3A274763}.Debug|Any CPU.ActiveCfg = Debug|Any CPU
		{2FBE0ED4-410D-46F3-8B06-6A1C3A274763}.Debug|Any CPU.Build.0 = Debug|Any CPU
		{2FBE0ED4-410D-46F3-8B06-6A1C3A274763}.Release|Any CPU.ActiveCfg = Release|Any CPU
		{2FBE0ED4-410D-46F3-8B06-6A1C3A274763}.Release|Any CPU.Build.0 = Release|Any CPU
		{7251CC5D-CC41-4D4E-9A07-C370DDB8BA03}.Debug|Any CPU.ActiveCfg = Debug|Any CPU
		{7251CC5D-CC41-4D4E-9A07-C370DDB8BA03}.Debug|Any CPU.Build.0 = Debug|Any CPU
		{7251CC5D-CC41-4D4E-9A07-C370DDB8BA03}.Release|Any CPU.ActiveCfg = Release|Any CPU
		{7251CC5D-CC41-4D4E-9A07-C370DDB8BA03}.Release|Any CPU.Build.0 = Release|Any CPU
	EndGlobalSection
	GlobalSection(SolutionProperties) = preSolution
		HideSolutionNode = FALSE
	EndGlobalSection
EndGlobal
